
Microsoft Visual Studio Solution File, Format Version 12.00
# Visual Studio Version 16
VisualStudioVersion = 16.0.29806.167
MinimumVisualStudioVersion = 10.0.40219.1
Project("{FAE04EC0-301F-11D3-BF4B-00C04F79EFBC}") = "SimpleFactory", "SimpleFactory\SimpleFactory.csproj", "{9C0AD023-6D11-4899-881C-D2C2645B97FC}"
EndProject
Project("{FAE04EC0-301F-11D3-BF4B-00C04F79EFBC}") = "Strategy", "Strategy\Strategy.csproj", "{3E635D25-DEAD-4044-94D2-61C11996505E}"
EndProject
Project("{FAE04EC0-301F-11D3-BF4B-00C04F79EFBC}") = "Decorator", "Decorator\Decorator.csproj", "{D76254F5-DB2E-4897-B4F4-75EC87CE4422}"
EndProject
Project("{FAE04EC0-301F-11D3-BF4B-00C04F79EFBC}") = "Proxy", "Proxy\Proxy.csproj", "{31731170-F06C-4033-8AC3-3EECE9ADCE09}"
EndProject
Project("{FAE04EC0-301F-11D3-BF4B-00C04F79EFBC}") = "AbstractFactory", "AbstractFactory\AbstractFactory.csproj", "{43C4A700-686C-4419-A6A6-BF9B9D1B8CD6}"
EndProject
Project("{FAE04EC0-301F-11D3-BF4B-00C04F79EFBC}") = "FactoryMethod", "FactoryMethod\FactoryMethod.csproj", "{0651D1CF-471C-4A39-BA83-A5F0086F5DF9}"
EndProject
Project("{FAE04EC0-301F-11D3-BF4B-00C04F79EFBC}") = "Prototype", "Prototype\Prototype.csproj", "{5180EABB-2B3E-49B6-830C-42E418092FFF}"
EndProject
Project("{FAE04EC0-301F-11D3-BF4B-00C04F79EFBC}") = "TemplateMethod", "TemplateMethod\TemplateMethod.csproj", "{999B223F-1A03-496D-BDCF-7FEC20B434A7}"
EndProject
Project("{FAE04EC0-301F-11D3-BF4B-00C04F79EFBC}") = "Builder", "Builder\Builder.csproj", "{E1644E4A-6EE2-4EA2-A99F-FDDF4A453F42}"
EndProject
Project("{FAE04EC0-301F-11D3-BF4B-00C04F79EFBC}") = "Singleton", "Singleton\Singleton.csproj", "{3B0924B1-C2FF-4142-9F7A-BEFC9733D1BB}"
EndProject
Project("{FAE04EC0-301F-11D3-BF4B-00C04F79EFBC}") = "Facade", "Facade\Facade.csproj", "{DF98CFDA-036B-4E5B-8C2D-EFB4AC7E7D02}"
EndProject
Project("{FAE04EC0-301F-11D3-BF4B-00C04F79EFBC}") = "Observer", "Observer\Observer.csproj", "{64D53CE0-3C56-4FD0-9091-FFD5A66EA23A}"
EndProject
Project("{FAE04EC0-301F-11D3-BF4B-00C04F79EFBC}") = "Iterator", "Iterator\Iterator.csproj", "{A52482EA-F6DD-49C0-A6D6-E016BC2FD235}"
EndProject
Project("{FAE04EC0-301F-11D3-BF4B-00C04F79EFBC}") = "Command", "Command\Command.csproj", "{D9B5256D-5619-4B70-A2B1-4AF99A9B4B3E}"
EndProject
Global
	GlobalSection(SolutionConfigurationPlatforms) = preSolution
		Debug|Any CPU = Debug|Any CPU
		Release|Any CPU = Release|Any CPU
	EndGlobalSection
	GlobalSection(ProjectConfigurationPlatforms) = postSolution
		{9C0AD023-6D11-4899-881C-D2C2645B97FC}.Debug|Any CPU.ActiveCfg = Debug|Any CPU
		{9C0AD023-6D11-4899-881C-D2C2645B97FC}.Debug|Any CPU.Build.0 = Debug|Any CPU
		{9C0AD023-6D11-4899-881C-D2C2645B97FC}.Release|Any CPU.ActiveCfg = Release|Any CPU
		{9C0AD023-6D11-4899-881C-D2C2645B97FC}.Release|Any CPU.Build.0 = Release|Any CPU
		{3E635D25-DEAD-4044-94D2-61C11996505E}.Debug|Any CPU.ActiveCfg = Debug|Any CPU
		{3E635D25-DEAD-4044-94D2-61C11996505E}.Debug|Any CPU.Build.0 = Debug|Any CPU
		{3E635D25-DEAD-4044-94D2-61C11996505E}.Release|Any CPU.ActiveCfg = Release|Any CPU
		{3E635D25-DEAD-4044-94D2-61C11996505E}.Release|Any CPU.Build.0 = Release|Any CPU
		{D76254F5-DB2E-4897-B4F4-75EC87CE4422}.Debug|Any CPU.ActiveCfg = Debug|Any CPU
		{D76254F5-DB2E-4897-B4F4-75EC87CE4422}.Debug|Any CPU.Build.0 = Debug|Any CPU
		{D76254F5-DB2E-4897-B4F4-75EC87CE4422}.Release|Any CPU.ActiveCfg = Release|Any CPU
		{D76254F5-DB2E-4897-B4F4-75EC87CE4422}.Release|Any CPU.Build.0 = Release|Any CPU
		{31731170-F06C-4033-8AC3-3EECE9ADCE09}.Debug|Any CPU.ActiveCfg = Debug|Any CPU
		{31731170-F06C-4033-8AC3-3EECE9ADCE09}.Debug|Any CPU.Build.0 = Debug|Any CPU
		{31731170-F06C-4033-8AC3-3EECE9ADCE09}.Release|Any CPU.ActiveCfg = Release|Any CPU
		{31731170-F06C-4033-8AC3-3EECE9ADCE09}.Release|Any CPU.Build.0 = Release|Any CPU
		{43C4A700-686C-4419-A6A6-BF9B9D1B8CD6}.Debug|Any CPU.ActiveCfg = Debug|Any CPU
		{43C4A700-686C-4419-A6A6-BF9B9D1B8CD6}.Debug|Any CPU.Build.0 = Debug|Any CPU
		{43C4A700-686C-4419-A6A6-BF9B9D1B8CD6}.Release|Any CPU.ActiveCfg = Release|Any CPU
		{43C4A700-686C-4419-A6A6-BF9B9D1B8CD6}.Release|Any CPU.Build.0 = Release|Any CPU
		{0651D1CF-471C-4A39-BA83-A5F0086F5DF9}.Debug|Any CPU.ActiveCfg = Debug|Any CPU
		{0651D1CF-471C-4A39-BA83-A5F0086F5DF9}.Debug|Any CPU.Build.0 = Debug|Any CPU
		{0651D1CF-471C-4A39-BA83-A5F0086F5DF9}.Release|Any CPU.ActiveCfg = Release|Any CPU
		{0651D1CF-471C-4A39-BA83-A5F0086F5DF9}.Release|Any CPU.Build.0 = Release|Any CPU
		{5180EABB-2B3E-49B6-830C-42E418092FFF}.Debug|Any CPU.ActiveCfg = Debug|Any CPU
		{5180EABB-2B3E-49B6-830C-42E418092FFF}.Debug|Any CPU.Build.0 = Debug|Any CPU
		{5180EABB-2B3E-49B6-830C-42E418092FFF}.Release|Any CPU.ActiveCfg = Release|Any CPU
		{5180EABB-2B3E-49B6-830C-42E418092FFF}.Release|Any CPU.Build.0 = Release|Any CPU
		{999B223F-1A03-496D-BDCF-7FEC20B434A7}.Debug|Any CPU.ActiveCfg = Debug|Any CPU
		{999B223F-1A03-496D-BDCF-7FEC20B434A7}.Debug|Any CPU.Build.0 = Debug|Any CPU
		{999B223F-1A03-496D-BDCF-7FEC20B434A7}.Release|Any CPU.ActiveCfg = Release|Any CPU
		{999B223F-1A03-496D-BDCF-7FEC20B434A7}.Release|Any CPU.Build.0 = Release|Any CPU
		{E1644E4A-6EE2-4EA2-A99F-FDDF4A453F42}.Debug|Any CPU.ActiveCfg = Debug|Any CPU
		{E1644E4A-6EE2-4EA2-A99F-FDDF4A453F42}.Debug|Any CPU.Build.0 = Debug|Any CPU
		{E1644E4A-6EE2-4EA2-A99F-FDDF4A453F42}.Release|Any CPU.ActiveCfg = Release|Any CPU
		{E1644E4A-6EE2-4EA2-A99F-FDDF4A453F42}.Release|Any CPU.Build.0 = Release|Any CPU
		{3B0924B1-C2FF-4142-9F7A-BEFC9733D1BB}.Debug|Any CPU.ActiveCfg = Debug|Any CPU
		{3B0924B1-C2FF-4142-9F7A-BEFC9733D1BB}.Debug|Any CPU.Build.0 = Debug|Any CPU
		{3B0924B1-C2FF-4142-9F7A-BEFC9733D1BB}.Release|Any CPU.ActiveCfg = Release|Any CPU
		{3B0924B1-C2FF-4142-9F7A-BEFC9733D1BB}.Release|Any CPU.Build.0 = Release|Any CPU
		{DF98CFDA-036B-4E5B-8C2D-EFB4AC7E7D02}.Debug|Any CPU.ActiveCfg = Debug|Any CPU
		{DF98CFDA-036B-4E5B-8C2D-EFB4AC7E7D02}.Debug|Any CPU.Build.0 = Debug|Any CPU
		{DF98CFDA-036B-4E5B-8C2D-EFB4AC7E7D02}.Release|Any CPU.ActiveCfg = Release|Any CPU
		{DF98CFDA-036B-4E5B-8C2D-EFB4AC7E7D02}.Release|Any CPU.Build.0 = Release|Any CPU
		{64D53CE0-3C56-4FD0-9091-FFD5A66EA23A}.Debug|Any CPU.ActiveCfg = Debug|Any CPU
		{64D53CE0-3C56-4FD0-9091-FFD5A66EA23A}.Debug|Any CPU.Build.0 = Debug|Any CPU
		{64D53CE0-3C56-4FD0-9091-FFD5A66EA23A}.Release|Any CPU.ActiveCfg = Release|Any CPU
		{64D53CE0-3C56-4FD0-9091-FFD5A66EA23A}.Release|Any CPU.Build.0 = Release|Any CPU
		{A52482EA-F6DD-49C0-A6D6-E016BC2FD235}.Debug|Any CPU.ActiveCfg = Debug|Any CPU
		{A52482EA-F6DD-49C0-A6D6-E016BC2FD235}.Debug|Any CPU.Build.0 = Debug|Any CPU
		{A52482EA-F6DD-49C0-A6D6-E016BC2FD235}.Release|Any CPU.ActiveCfg = Release|Any CPU
		{A52482EA-F6DD-49C0-A6D6-E016BC2FD235}.Release|Any CPU.Build.0 = Release|Any CPU
		{D9B5256D-5619-4B70-A2B1-4AF99A9B4B3E}.Debug|Any CPU.ActiveCfg = Debug|Any CPU
		{D9B5256D-5619-4B70-A2B1-4AF99A9B4B3E}.Debug|Any CPU.Build.0 = Debug|Any CPU
		{D9B5256D-5619-4B70-A2B1-4AF99A9B4B3E}.Release|Any CPU.ActiveCfg = Release|Any CPU
		{D9B5256D-5619-4B70-A2B1-4AF99A9B4B3E}.Release|Any CPU.Build.0 = Release|Any CPU
	EndGlobalSection
	GlobalSection(SolutionProperties) = preSolution
		HideSolutionNode = FALSE
	EndGlobalSection
	GlobalSection(ExtensibilityGlobals) = postSolution
		SolutionGuid = {1A8A95C8-536C-40C3-B24E-E95728D0C84C}
	EndGlobalSection
EndGlobal
